// !$*UTF8*$!
{
	archiveVersion = 1;
	classes = {
	};
	objectVersion = 50;
	objects = {

/* Begin PBXBuildFile section */
		778BD23E21B579080005D038 /* main.cpp in Sources */ = {isa = PBXBuildFile; fileRef = 778BD23D21B579080005D038 /* main.cpp */; };
		778BD24621B579E90005D038 /* libc++abi.tbd in Frameworks */ = {isa = PBXBuildFile; fileRef = 778BD24521B579E90005D038 /* libc++abi.tbd */; };
		778BD24821B579F30005D038 /* libc++.tbd in Frameworks */ = {isa = PBXBuildFile; fileRef = 778BD24721B579F30005D038 /* libc++.tbd */; };
		778BD25B21B57A9F0005D038 /* libopencv_calib3d.3.4.3.dylib in Frameworks */ = {isa = PBXBuildFile; fileRef = 778BD24A21B57A9F0005D038 /* libopencv_calib3d.3.4.3.dylib */; };
		778BD25C21B57A9F0005D038 /* libopencv_ml.3.4.3.dylib in Frameworks */ = {isa = PBXBuildFile; fileRef = 778BD24B21B57A9F0005D038 /* libopencv_ml.3.4.3.dylib */; };
		778BD25D21B57A9F0005D038 /* libopencv_dnn.3.4.3.dylib in Frameworks */ = {isa = PBXBuildFile; fileRef = 778BD24C21B57A9F0005D038 /* libopencv_dnn.3.4.3.dylib */; };
		778BD25E21B57A9F0005D038 /* libopencv_superres.3.4.3.dylib in Frameworks */ = {isa = PBXBuildFile; fileRef = 778BD24D21B57A9F0005D038 /* libopencv_superres.3.4.3.dylib */; };
		778BD25F21B57AA00005D038 /* libopencv_shape.3.4.3.dylib in Frameworks */ = {isa = PBXBuildFile; fileRef = 778BD24E21B57A9F0005D038 /* libopencv_shape.3.4.3.dylib */; };
		778BD26021B57AA00005D038 /* libopencv_photo.3.4.3.dylib in Frameworks */ = {isa = PBXBuildFile; fileRef = 778BD24F21B57A9F0005D038 /* libopencv_photo.3.4.3.dylib */; };
		778BD26121B57AA00005D038 /* libopencv_features2d.3.4.3.dylib in Frameworks */ = {isa = PBXBuildFile; fileRef = 778BD25021B57A9F0005D038 /* libopencv_features2d.3.4.3.dylib */; };
		778BD26221B57AA00005D038 /* libopencv_videostab.3.4.3.dylib in Frameworks */ = {isa = PBXBuildFile; fileRef = 778BD25121B57A9F0005D038 /* libopencv_videostab.3.4.3.dylib */; };
		778BD26321B57AA00005D038 /* libopencv_imgcodecs.3.4.3.dylib in Frameworks */ = {isa = PBXBuildFile; fileRef = 778BD25221B57A9F0005D038 /* libopencv_imgcodecs.3.4.3.dylib */; };
		778BD26421B57AA00005D038 /* libopencv_objdetect.3.4.3.dylib in Frameworks */ = {isa = PBXBuildFile; fileRef = 778BD25321B57A9F0005D038 /* libopencv_objdetect.3.4.3.dylib */; };
		778BD26521B57AA00005D038 /* libopencv_core.3.4.3.dylib in Frameworks */ = {isa = PBXBuildFile; fileRef = 778BD25421B57A9F0005D038 /* libopencv_core.3.4.3.dylib */; };
		778BD26621B57AA00005D038 /* libopencv_highgui.3.4.3.dylib in Frameworks */ = {isa = PBXBuildFile; fileRef = 778BD25521B57A9F0005D038 /* libopencv_highgui.3.4.3.dylib */; };
		778BD26721B57AA00005D038 /* libopencv_stitching.3.4.3.dylib in Frameworks */ = {isa = PBXBuildFile; fileRef = 778BD25621B57A9F0005D038 /* libopencv_stitching.3.4.3.dylib */; };
		778BD26821B57AA00005D038 /* libopencv_flann.3.4.3.dylib in Frameworks */ = {isa = PBXBuildFile; fileRef = 778BD25721B57A9F0005D038 /* libopencv_flann.3.4.3.dylib */; };
		778BD26921B57AA00005D038 /* libopencv_video.3.4.3.dylib in Frameworks */ = {isa = PBXBuildFile; fileRef = 778BD25821B57A9F0005D038 /* libopencv_video.3.4.3.dylib */; };
		778BD26A21B57AA00005D038 /* libopencv_videoio.3.4.3.dylib in Frameworks */ = {isa = PBXBuildFile; fileRef = 778BD25921B57A9F0005D038 /* libopencv_videoio.3.4.3.dylib */; };
		778BD26B21B57AA00005D038 /* libopencv_imgproc.3.4.3.dylib in Frameworks */ = {isa = PBXBuildFile; fileRef = 778BD25A21B57A9F0005D038 /* libopencv_imgproc.3.4.3.dylib */; };
		778BD27121B57BED0005D038 /* ChenRJ_Harris_Detector.cpp in Sources */ = {isa = PBXBuildFile; fileRef = 778BD26F21B57BED0005D038 /* ChenRJ_Harris_Detector.cpp */; };
/* End PBXBuildFile section */

/* Begin PBXCopyFilesBuildPhase section */
		778BD23821B579080005D038 /* CopyFiles */ = {
			isa = PBXCopyFilesBuildPhase;
			buildActionMask = 2147483647;
			dstPath = /usr/share/man/man1/;
			dstSubfolderSpec = 0;
			files = (
			);
			runOnlyForDeploymentPostprocessing = 1;
		};
/* End PBXCopyFilesBuildPhase section */

/* Begin PBXFileReference section */
		778BD23A21B579080005D038 /* CV_Harris_Corner_Detector */ = {isa = PBXFileReference; explicitFileType = "compiled.mach-o.executable"; includeInIndex = 0; path = CV_Harris_Corner_Detector; sourceTree = BUILT_PRODUCTS_DIR; };
		778BD23D21B579080005D038 /* main.cpp */ = {isa = PBXFileReference; lastKnownFileType = sourcecode.cpp.cpp; path = main.cpp; sourceTree = "<group>"; };
		778BD24521B579E90005D038 /* libc++abi.tbd */ = {isa = PBXFileReference; lastKnownFileType = "sourcecode.text-based-dylib-definition"; name = "libc++abi.tbd"; path = "usr/lib/libc++abi.tbd"; sourceTree = SDKROOT; };
		778BD24721B579F30005D038 /* libc++.tbd */ = {isa = PBXFileReference; lastKnownFileType = "sourcecode.text-based-dylib-definition"; name = "libc++.tbd"; path = "usr/lib/libc++.tbd"; sourceTree = SDKROOT; };
		778BD24A21B57A9F0005D038 /* libopencv_calib3d.3.4.3.dylib */ = {isa = PBXFileReference; lastKnownFileType = "compiled.mach-o.dylib"; name = libopencv_calib3d.3.4.3.dylib; path = ../../../../../../../../usr/local/Cellar/opencv/3.4.3/lib/libopencv_calib3d.3.4.3.dylib; sourceTree = "<group>"; };
		778BD24B21B57A9F0005D038 /* libopencv_ml.3.4.3.dylib */ = {isa = PBXFileReference; lastKnownFileType = "compiled.mach-o.dylib"; name = libopencv_ml.3.4.3.dylib; path = ../../../../../../../../usr/local/Cellar/opencv/3.4.3/lib/libopencv_ml.3.4.3.dylib; sourceTree = "<group>"; };
		778BD24C21B57A9F0005D038 /* libopencv_dnn.3.4.3.dylib */ = {isa = PBXFileReference; lastKnownFileType = "compiled.mach-o.dylib"; name = libopencv_dnn.3.4.3.dylib; path = ../../../../../../../../usr/local/Cellar/opencv/3.4.3/lib/libopencv_dnn.3.4.3.dylib; sourceTree = "<group>"; };
		778BD24D21B57A9F0005D038 /* libopencv_superres.3.4.3.dylib */ = {isa = PBXFileReference; lastKnownFileType = "compiled.mach-o.dylib"; name = libopencv_superres.3.4.3.dylib; path = ../../../../../../../../usr/local/Cellar/opencv/3.4.3/lib/libopencv_superres.3.4.3.dylib; sourceTree = "<group>"; };
		778BD24E21B57A9F0005D038 /* libopencv_shape.3.4.3.dylib */ = {isa = PBXFileReference; lastKnownFileType = "compiled.mach-o.dylib"; name = libopencv_shape.3.4.3.dylib; path = ../../../../../../../../usr/local/Cellar/opencv/3.4.3/lib/libopencv_shape.3.4.3.dylib; sourceTree = "<group>"; };
		778BD24F21B57A9F0005D038 /* libopencv_photo.3.4.3.dylib */ = {isa = PBXFileReference; lastKnownFileType = "compiled.mach-o.dylib"; name = libopencv_photo.3.4.3.dylib; path = ../../../../../../../../usr/local/Cellar/opencv/3.4.3/lib/libopencv_photo.3.4.3.dylib; sourceTree = "<group>"; };
		778BD25021B57A9F0005D038 /* libopencv_features2d.3.4.3.dylib */ = {isa = PBXFileReference; lastKnownFileType = "compiled.mach-o.dylib"; name = libopencv_features2d.3.4.3.dylib; path = ../../../../../../../../usr/local/Cellar/opencv/3.4.3/lib/libopencv_features2d.3.4.3.dylib; sourceTree = "<group>"; };
		778BD25121B57A9F0005D038 /* libopencv_videostab.3.4.3.dylib */ = {isa = PBXFileReference; lastKnownFileType = "compiled.mach-o.dylib"; name = libopencv_videostab.3.4.3.dylib; path = ../../../../../../../../usr/local/Cellar/opencv/3.4.3/lib/libopencv_videostab.3.4.3.dylib; sourceTree = "<group>"; };
		778BD25221B57A9F0005D038 /* libopencv_imgcodecs.3.4.3.dylib */ = {isa = PBXFileReference; lastKnownFileType = "compiled.mach-o.dylib"; name = libopencv_imgcodecs.3.4.3.dylib; path = ../../../../../../../../usr/local/Cellar/opencv/3.4.3/lib/libopencv_imgcodecs.3.4.3.dylib; sourceTree = "<group>"; };
		778BD25321B57A9F0005D038 /* libopencv_objdetect.3.4.3.dylib */ = {isa = PBXFileReference; lastKnownFileType = "compiled.mach-o.dylib"; name = libopencv_objdetect.3.4.3.dylib; path = ../../../../../../../../usr/local/Cellar/opencv/3.4.3/lib/libopencv_objdetect.3.4.3.dylib; sourceTree = "<group>"; };
		778BD25421B57A9F0005D038 /* libopencv_core.3.4.3.dylib */ = {isa = PBXFileReference; lastKnownFileType = "compiled.mach-o.dylib"; name = libopencv_core.3.4.3.dylib; path = ../../../../../../../../usr/local/Cellar/opencv/3.4.3/lib/libopencv_core.3.4.3.dylib; sourceTree = "<group>"; };
		778BD25521B57A9F0005D038 /* libopencv_highgui.3.4.3.dylib */ = {isa = PBXFileReference; lastKnownFileType = "compiled.mach-o.dylib"; name = libopencv_highgui.3.4.3.dylib; path = ../../../../../../../../usr/local/Cellar/opencv/3.4.3/lib/libopencv_highgui.3.4.3.dylib; sourceTree = "<group>"; };
		778BD25621B57A9F0005D038 /* libopencv_stitching.3.4.3.dylib */ = {isa = PBXFileReference; lastKnownFileType = "compiled.mach-o.dylib"; name = libopencv_stitching.3.4.3.dylib; path = ../../../../../../../../usr/local/Cellar/opencv/3.4.3/lib/libopencv_stitching.3.4.3.dylib; sourceTree = "<group>"; };
		778BD25721B57A9F0005D038 /* libopencv_flann.3.4.3.dylib */ = {isa = PBXFileReference; lastKnownFileType = "compiled.mach-o.dylib"; name = libopencv_flann.3.4.3.dylib; path = ../../../../../../../../usr/local/Cellar/opencv/3.4.3/lib/libopencv_flann.3.4.3.dylib; sourceTree = "<group>"; };
		778BD25821B57A9F0005D038 /* libopencv_video.3.4.3.dylib */ = {isa = PBXFileReference; lastKnownFileType = "compiled.mach-o.dylib"; name = libopencv_video.3.4.3.dylib; path = ../../../../../../../../usr/local/Cellar/opencv/3.4.3/lib/libopencv_video.3.4.3.dylib; sourceTree = "<group>"; };
		778BD25921B57A9F0005D038 /* libopencv_videoio.3.4.3.dylib */ = {isa = PBXFileReference; lastKnownFileType = "compiled.mach-o.dylib"; name = libopencv_videoio.3.4.3.dylib; path = ../../../../../../../../usr/local/Cellar/opencv/3.4.3/lib/libopencv_videoio.3.4.3.dylib; sourceTree = "<group>"; };
		778BD25A21B57A9F0005D038 /* libopencv_imgproc.3.4.3.dylib */ = {isa = PBXFileReference; lastKnownFileType = "compiled.mach-o.dylib"; name = libopencv_imgproc.3.4.3.dylib; path = ../../../../../../../../usr/local/Cellar/opencv/3.4.3/lib/libopencv_imgproc.3.4.3.dylib; sourceTree = "<group>"; };
		778BD26F21B57BED0005D038 /* ChenRJ_Harris_Detector.cpp */ = {isa = PBXFileReference; lastKnownFileType = sourcecode.cpp.cpp; path = ChenRJ_Harris_Detector.cpp; sourceTree = "<group>"; };
		778BD27021B57BED0005D038 /* ChenRJ_Harris_Detector.hpp */ = {isa = PBXFileReference; lastKnownFileType = sourcecode.cpp.h; path = ChenRJ_Harris_Detector.hpp; sourceTree = "<group>"; };
/* End PBXFileReference section */

/* Begin PBXFrameworksBuildPhase section */
		778BD23721B579080005D038 /* Frameworks */ = {
			isa = PBXFrameworksBuildPhase;
			buildActionMask = 2147483647;
			files = (
				778BD26921B57AA00005D038 /* libopencv_video.3.4.3.dylib in Frameworks */,
				778BD26121B57AA00005D038 /* libopencv_features2d.3.4.3.dylib in Frameworks */,
				778BD26821B57AA00005D038 /* libopencv_flann.3.4.3.dylib in Frameworks */,
				778BD25C21B57A9F0005D038 /* libopencv_ml.3.4.3.dylib in Frameworks */,
				778BD26421B57AA00005D038 /* libopencv_objdetect.3.4.3.dylib in Frameworks */,
				778BD25D21B57A9F0005D038 /* libopencv_dnn.3.4.3.dylib in Frameworks */,
				778BD24821B579F30005D038 /* libc++.tbd in Frameworks */,
				778BD26A21B57AA00005D038 /* libopencv_videoio.3.4.3.dylib in Frameworks */,
				778BD24621B579E90005D038 /* libc++abi.tbd in Frameworks */,
				778BD26021B57AA00005D038 /* libopencv_photo.3.4.3.dylib in Frameworks */,
				778BD26B21B57AA00005D038 /* libopencv_imgproc.3.4.3.dylib in Frameworks */,
				778BD25E21B57A9F0005D038 /* libopencv_superres.3.4.3.dylib in Frameworks */,
				778BD26321B57AA00005D038 /* libopencv_imgcodecs.3.4.3.dylib in Frameworks */,
				778BD26521B57AA00005D038 /* libopencv_core.3.4.3.dylib in Frameworks */,
				778BD26721B57AA00005D038 /* libopencv_stitching.3.4.3.dylib in Frameworks */,
				778BD26221B57AA00005D038 /* libopencv_videostab.3.4.3.dylib in Frameworks */,
				778BD25F21B57AA00005D038 /* libopencv_shape.3.4.3.dylib in Frameworks */,
				778BD25B21B57A9F0005D038 /* libopencv_calib3d.3.4.3.dylib in Frameworks */,
				778BD26621B57AA00005D038 /* libopencv_highgui.3.4.3.dylib in Frameworks */,
			);
			runOnlyForDeploymentPostprocessing = 0;
		};
/* End PBXFrameworksBuildPhase section */

/* Begin PBXGroup section */
		778BD23121B579080005D038 = {
			isa = PBXGroup;
			children = (
				778BD24921B579FC0005D038 /* lib */,
				778BD23C21B579080005D038 /* CV_Harris_Corner_Detector */,
				778BD23B21B579080005D038 /* Products */,
				778BD24421B579E80005D038 /* Frameworks */,
			);
			sourceTree = "<group>";
		};
		778BD23B21B579080005D038 /* Products */ = {
			isa = PBXGroup;
			children = (
				778BD23A21B579080005D038 /* CV_Harris_Corner_Detector */,
			);
			name = Products;
			sourceTree = "<group>";
		};
		778BD23C21B579080005D038 /* CV_Harris_Corner_Detector */ = {
			isa = PBXGroup;
			children = (
				778BD23D21B579080005D038 /* main.cpp */,
				778BD26F21B57BED0005D038 /* ChenRJ_Harris_Detector.cpp */,
				778BD27021B57BED0005D038 /* ChenRJ_Harris_Detector.hpp */,
			);
			path = CV_Harris_Corner_Detector;
			sourceTree = "<group>";
		};
		778BD24421B579E80005D038 /* Frameworks */ = {
			isa = PBXGroup;
			children = (
				778BD24721B579F30005D038 /* libc++.tbd */,
				778BD24521B579E90005D038 /* libc++abi.tbd */,
			);
			name = Frameworks;
			sourceTree = "<group>";
		};
		778BD24921B579FC0005D038 /* lib */ = {
			isa = PBXGroup;
			children = (
				778BD24A21B57A9F0005D038 /* libopencv_calib3d.3.4.3.dylib */,
				778BD25421B57A9F0005D038 /* libopencv_core.3.4.3.dylib */,
				778BD24C21B57A9F0005D038 /* libopencv_dnn.3.4.3.dylib */,
				778BD25021B57A9F0005D038 /* libopencv_features2d.3.4.3.dylib */,
				778BD25721B57A9F0005D038 /* libopencv_flann.3.4.3.dylib */,
				778BD25521B57A9F0005D038 /* libopencv_highgui.3.4.3.dylib */,
				778BD25221B57A9F0005D038 /* libopencv_imgcodecs.3.4.3.dylib */,
				778BD25A21B57A9F0005D038 /* libopencv_imgproc.3.4.3.dylib */,
				778BD24B21B57A9F0005D038 /* libopencv_ml.3.4.3.dylib */,
				778BD25321B57A9F0005D038 /* libopencv_objdetect.3.4.3.dylib */,
				778BD24F21B57A9F0005D038 /* libopencv_photo.3.4.3.dylib */,
				778BD24E21B57A9F0005D038 /* libopencv_shape.3.4.3.dylib */,
				778BD25621B57A9F0005D038 /* libopencv_stitching.3.4.3.dylib */,
				778BD24D21B57A9F0005D038 /* libopencv_superres.3.4.3.dylib */,
				778BD25821B57A9F0005D038 /* libopencv_video.3.4.3.dylib */,
				778BD25921B57A9F0005D038 /* libopencv_videoio.3.4.3.dylib */,
				778BD25121B57A9F0005D038 /* libopencv_videostab.3.4.3.dylib */,
			);
			path = lib;
			sourceTree = "<group>";
		};
/* End PBXGroup section */

/* Begin PBXNativeTarget section */
		778BD23921B579080005D038 /* CV_Harris_Corner_Detector */ = {
			isa = PBXNativeTarget;
			buildConfigurationList = 778BD24121B579080005D038 /* Build configuration list for PBXNativeTarget "CV_Harris_Corner_Detector" */;
			buildPhases = (
				778BD23621B579080005D038 /* Sources */,
				778BD23721B579080005D038 /* Frameworks */,
				778BD23821B579080005D038 /* CopyFiles */,
			);
			buildRules = (
			);
			dependencies = (
			);
			name = CV_Harris_Corner_Detector;
			productName = CV_Harris_Corner_Detector;
			productReference = 778BD23A21B579080005D038 /* CV_Harris_Corner_Detector */;
			productType = "com.apple.product-type.tool";
		};
/* End PBXNativeTarget section */

/* Begin PBXProject section */
		778BD23221B579080005D038 /* Project object */ = {
			isa = PBXProject;
			attributes = {
				LastUpgradeCheck = 1010;
				ORGANIZATIONNAME = "Chen~_~RJ";
				TargetAttributes = {
					778BD23921B579080005D038 = {
						CreatedOnToolsVersion = 10.1;
					};
				};
			};
			buildConfigurationList = 778BD23521B579080005D038 /* Build configuration list for PBXProject "CV_Harris_Corner_Detector" */;
			compatibilityVersion = "Xcode 9.3";
			developmentRegion = en;
			hasScannedForEncodings = 0;
			knownRegions = (
				en,
			);
			mainGroup = 778BD23121B579080005D038;
			productRefGroup = 778BD23B21B579080005D038 /* Products */;
			projectDirPath = "";
			projectRoot = "";
			targets = (
				778BD23921B579080005D038 /* CV_Harris_Corner_Detector */,
			);
		};
/* End PBXProject section */

/* Begin PBXSourcesBuildPhase section */
		778BD23621B579080005D038 /* Sources */ = {
			isa = PBXSourcesBuildPhase;
			buildActionMask = 2147483647;
			files = (
				778BD27121B57BED0005D038 /* ChenRJ_Harris_Detector.cpp in Sources */,
				778BD23E21B579080005D038 /* main.cpp in Sources */,
			);
			runOnlyForDeploymentPostprocessing = 0;
		};
/* End PBXSourcesBuildPhase section */

/* Begin XCBuildConfiguration section */
		778BD23F21B579080005D038 /* Debug */ = {
			isa = XCBuildConfiguration;
			buildSettings = {
				ALWAYS_SEARCH_USER_PATHS = NO;
				CLANG_ANALYZER_NONNULL = YES;
				CLANG_ANALYZER_NUMBER_OBJECT_CONVERSION = YES_AGGRESSIVE;
				CLANG_CXX_LANGUAGE_STANDARD = "gnu++14";
				CLANG_CXX_LIBRARY = "libc++";
				CLANG_ENABLE_MODULES = YES;
				CLANG_ENABLE_OBJC_ARC = YES;
				CLANG_ENABLE_OBJC_WEAK = YES;
				CLANG_WARN_BLOCK_CAPTURE_AUTORELEASING = YES;
				CLANG_WARN_BOOL_CONVERSION = YES;
				CLANG_WARN_COMMA = YES;
				CLANG_WARN_CONSTANT_CONVERSION = YES;
				CLANG_WARN_DEPRECATED_OBJC_IMPLEMENTATIONS = YES;
				CLANG_WARN_DIRECT_OBJC_ISA_USAGE = YES_ERROR;
				CLANG_WARN_DOCUMENTATION_COMMENTS = YES;
				CLANG_WARN_EMPTY_BODY = YES;
				CLANG_WARN_ENUM_CONVERSION = YES;
				CLANG_WARN_INFINITE_RECURSION = YES;
				CLANG_WARN_INT_CONVERSION = YES;
				CLANG_WARN_NON_LITERAL_NULL_CONVERSION = YES;
				CLANG_WARN_OBJC_IMPLICIT_RETAIN_SELF = YES;
				CLANG_WARN_OBJC_LITERAL_CONVERSION = YES;
				CLANG_WARN_OBJC_ROOT_CLASS = YES_ERROR;
				CLANG_WARN_RANGE_LOOP_ANALYSIS = YES;
				CLANG_WARN_STRICT_PROTOTYPES = YES;
				CLANG_WARN_SUSPICIOUS_MOVE = YES;
				CLANG_WARN_UNGUARDED_AVAILABILITY = YES_AGGRESSIVE;
				CLANG_WARN_UNREACHABLE_CODE = YES;
				CLANG_WARN__DUPLICATE_METHOD_MATCH = YES;
				CODE_SIGN_IDENTITY = "-";
				COPY_PHASE_STRIP = NO;
				DEBUG_INFORMATION_FORMAT = dwarf;
				ENABLE_STRICT_OBJC_MSGSEND = YES;
				ENABLE_TESTABILITY = YES;
				GCC_C_LANGUAGE_STANDARD = gnu11;
				GCC_DYNAMIC_NO_PIC = NO;
				GCC_NO_COMMON_BLOCKS = YES;
				GCC_OPTIMIZATION_LEVEL = 0;
				GCC_PREPROCESSOR_DEFINITIONS = (
					"DEBUG=1",
					"$(inherited)",
				);
				GCC_WARN_64_TO_32_BIT_CONVERSION = YES;
				GCC_WARN_ABOUT_RETURN_TYPE = YES_ERROR;
				GCC_WARN_UNDECLARED_SELECTOR = YES;
				GCC_WARN_UNINITIALIZED_AUTOS = YES_AGGRESSIVE;
				GCC_WARN_UNUSED_FUNCTION = YES;
				GCC_WARN_UNUSED_VARIABLE = YES;
				MACOSX_DEPLOYMENT_TARGET = 10.14;
				MTL_ENABLE_DEBUG_INFO = INCLUDE_SOURCE;
				MTL_FAST_MATH = YES;
				ONLY_ACTIVE_ARCH = YES;
				SDKROOT = macosx;
			};
			name = Debug;
		};
		778BD24021B579080005D038 /* Release */ = {
			isa = XCBuildConfiguration;
			buildSettings = {
				ALWAYS_SEARCH_USER_PATHS = NO;
				CLANG_ANALYZER_NONNULL = YES;
				CLANG_ANALYZER_NUMBER_OBJECT_CONVERSION = YES_AGGRESSIVE;
				CLANG_CXX_LANGUAGE_STANDARD = "gnu++14";
				CLANG_CXX_LIBRARY = "libc++";
				CLANG_ENABLE_MODULES = YES;
				CLANG_ENABLE_OBJC_ARC = YES;
				CLANG_ENABLE_OBJC_WEAK = YES;
				CLANG_WARN_BLOCK_CAPTURE_AUTORELEASING = YES;
				CLANG_WARN_BOOL_CONVERSION = YES;
				CLANG_WARN_COMMA = YES;
				CLANG_WARN_CONSTANT_CONVERSION = YES;
				CLANG_WARN_DEPRECATED_OBJC_IMPLEMENTATIONS = YES;
				CLANG_WARN_DIRECT_OBJC_ISA_USAGE = YES_ERROR;
				CLANG_WARN_DOCUMENTATION_COMMENTS = YES;
				CLANG_WARN_EMPTY_BODY = YES;
				CLANG_WARN_ENUM_CONVERSION = YES;
				CLANG_WARN_INFINITE_RECURSION = YES;
				CLANG_WARN_INT_CONVERSION = YES;
				CLANG_WARN_NON_LITERAL_NULL_CONVERSION = YES;
				CLANG_WARN_OBJC_IMPLICIT_RETAIN_SELF = YES;
				CLANG_WARN_OBJC_LITERAL_CONVERSION = YES;
				CLANG_WARN_OBJC_ROOT_CLASS = YES_ERROR;
				CLANG_WARN_RANGE_LOOP_ANALYSIS = YES;
				CLANG_WARN_STRICT_PROTOTYPES = YES;
				CLANG_WARN_SUSPICIOUS_MOVE = YES;
				CLANG_WARN_UNGUARDED_AVAILABILITY = YES_AGGRESSIVE;
				CLANG_WARN_UNREACHABLE_CODE = YES;
				CLANG_WARN__DUPLICATE_METHOD_MATCH = YES;
				CODE_SIGN_IDENTITY = "-";
				COPY_PHASE_STRIP = NO;
				DEBUG_INFORMATION_FORMAT = "dwarf-with-dsym";
				ENABLE_NS_ASSERTIONS = NO;
				ENABLE_STRICT_OBJC_MSGSEND = YES;
				GCC_C_LANGUAGE_STANDARD = gnu11;
				GCC_NO_COMMON_BLOCKS = YES;
				GCC_WARN_64_TO_32_BIT_CONVERSION = YES;
				GCC_WARN_ABOUT_RETURN_TYPE = YES_ERROR;
				GCC_WARN_UNDECLARED_SELECTOR = YES;
				GCC_WARN_UNINITIALIZED_AUTOS = YES_AGGRESSIVE;
				GCC_WARN_UNUSED_FUNCTION = YES;
				GCC_WARN_UNUSED_VARIABLE = YES;
				MACOSX_DEPLOYMENT_TARGET = 10.14;
				MTL_ENABLE_DEBUG_INFO = NO;
				MTL_FAST_MATH = YES;
				SDKROOT = macosx;
			};
			name = Release;
		};
		778BD24221B579080005D038 /* Debug */ = {
			isa = XCBuildConfiguration;
			buildSettings = {
				CODE_SIGN_STYLE = Automatic;
				HEADER_SEARCH_PATHS = (
					/usr/local/Cellar/opencv/3.4.3/include,
					/usr/local/Cellar/eigen/3.3.5/include/eigen3,
				);
				LIBRARY_SEARCH_PATHS = (
					"$(inherited)",
					"$(PROJECT_DIR)",
					/usr/local/Cellar/opencv/3.4.3/lib,
				);
				PRODUCT_NAME = "$(TARGET_NAME)";
			};
			name = Debug;
		};
		778BD24321B579080005D038 /* Release */ = {
			isa = XCBuildConfiguration;
			buildSettings = {
				CODE_SIGN_STYLE = Automatic;
				HEADER_SEARCH_PATHS = (
					/usr/local/Cellar/opencv/3.4.3/include,
					/usr/local/Cellar/eigen/3.3.5/include/eigen3,
				);
				LIBRARY_SEARCH_PATHS = (
					"$(inherited)",
					"$(PROJECT_DIR)",
					/usr/local/Cellar/opencv/3.4.3/lib,
				);
				PRODUCT_NAME = "$(TARGET_NAME)";
			};
			name = Release;
		};
/* End XCBuildConfiguration section */

/* Begin XCConfigurationList section */
		778BD23521B579080005D038 /* Build configuration list for PBXProject "CV_Harris_Corner_Detector" */ = {
			isa = XCConfigurationList;
			buildConfigurations = (
				778BD23F21B579080005D038 /* Debug */,
				778BD24021B579080005D038 /* Release */,
			);
			defaultConfigurationIsVisible = 0;
			defaultConfigurationName = Release;
		};
		778BD24121B579080005D038 /* Build configuration list for PBXNativeTarget "CV_Harris_Corner_Detector" */ = {
			isa = XCConfigurationList;
			buildConfigurations = (
				778BD24221B579080005D038 /* Debug */,
				778BD24321B579080005D038 /* Release */,
			);
			defaultConfigurationIsVisible = 0;
			defaultConfigurationName = Release;
		};
/* End XCConfigurationList section */
	};
	rootObject = 778BD23221B579080005D038 /* Project object */;
}
